
Microsoft Visual Studio Solution File, Format Version 12.00
# Visual Studio Version 17
VisualStudioVersion = 17.3.32825.248
MinimumVisualStudioVersion = 10.0.40219.1
Project("{FAE04EC0-301F-11D3-BF4B-00C04F79EFBC}") = "IFN664 Assignment", "IFN664 Assignment\IFN664 Assignment.csproj", "{87ADFE05-F0F7-4FFB-A5DF-5EFE204B43CC}"
EndProject
Global
	GlobalSection(SolutionConfigurationPlatforms) = preSolution
		Debug|Any CPU = Debug|Any CPU
		Release|Any CPU = Release|Any CPU
	EndGlobalSection
	GlobalSection(ProjectConfigurationPlatforms) = postSolution
		{87ADFE05-F0F7-4FFB-A5DF-5EFE204B43CC}.Debug|Any CPU.ActiveCfg = Debug|Any CPU
		{87ADFE05-F0F7-4FFB-A5DF-5EFE204B43CC}.Debug|Any CPU.Build.0 = Debug|Any CPU
		{87ADFE05-F0F7-4FFB-A5DF-5EFE204B43CC}.Release|Any CPU.ActiveCfg = Release|Any CPU
		{87ADFE05-F0F7-4FFB-A5DF-5EFE204B43CC}.Release|Any CPU.Build.0 = Release|Any CPU
	EndGlobalSection
	GlobalSection(SolutionProperties) = preSolution
		HideSolutionNode = FALSE
	EndGlobalSection
	GlobalSection(ExtensibilityGlobals) = postSolution
		SolutionGuid = {7363AB7E-2D15-42E5-A342-A6F0B8711CA5}
	EndGlobalSection
EndGlobal
